
Microsoft Visual Studio Solution File, Format Version 12.00
# Visual Studio Version 16
VisualStudioVersion = 16.0.30907.101
MinimumVisualStudioVersion = 10.0.40219.1
Project("{9A19103F-16F7-4668-BE54-9A1E7A4F7556}") = "Test For GitHub Issue", "Test For GitHub Issue.csproj", "{CBE2938F-D62B-4398-ABAC-4BC4937ACBAE}"
EndProject
Global
	GlobalSection(SolutionConfigurationPlatforms) = preSolution
		Debug|Any CPU = Debug|Any CPU
		Release|Any CPU = Release|Any CPU
	EndGlobalSection
	GlobalSection(ProjectConfigurationPlatforms) = postSolution
		{CBE2938F-D62B-4398-ABAC-4BC4937ACBAE}.Debug|Any CPU.ActiveCfg = Debug|Any CPU
		{CBE2938F-D62B-4398-ABAC-4BC4937ACBAE}.Debug|Any CPU.Build.0 = Debug|Any CPU
		{CBE2938F-D62B-4398-ABAC-4BC4937ACBAE}.Release|Any CPU.ActiveCfg = Release|Any CPU
		{CBE2938F-D62B-4398-ABAC-4BC4937ACBAE}.Release|Any CPU.Build.0 = Release|Any CPU
	EndGlobalSection
	GlobalSection(SolutionProperties) = preSolution
		HideSolutionNode = FALSE
	EndGlobalSection
	GlobalSection(ExtensibilityGlobals) = postSolution
		SolutionGuid = {C7D74607-07CB-4DA9-8A25-EDD22AD0C3BB}
	EndGlobalSection
EndGlobal
